// !$*UTF8*$!
{
	archiveVersion = 1;
	classes = {
	};
	objectVersion = 46;
	objects = {

/* Begin PBXBuildFile section */
		1B4E3AAB1B1F4C85004E5D95 /* AppDelegate.swift in Sources */ = {isa = PBXBuildFile; fileRef = 1B4E3AAA1B1F4C85004E5D95 /* AppDelegate.swift */; };
		1B4E3AB01B1F4C85004E5D95 /* Main.storyboard in Resources */ = {isa = PBXBuildFile; fileRef = 1B4E3AAE1B1F4C85004E5D95 /* Main.storyboard */; };
		1B4E3AB21B1F4C85004E5D95 /* Images.xcassets in Resources */ = {isa = PBXBuildFile; fileRef = 1B4E3AB11B1F4C85004E5D95 /* Images.xcassets */; };
		1B4E3AB51B1F4C85004E5D95 /* LaunchScreen.xib in Resources */ = {isa = PBXBuildFile; fileRef = 1B4E3AB31B1F4C85004E5D95 /* LaunchScreen.xib */; };
		1B4E3AC11B1F4C85004E5D95 /* SSYoutubeParserTests.swift in Sources */ = {isa = PBXBuildFile; fileRef = 1B4E3AC01B1F4C85004E5D95 /* SSYoutubeParserTests.swift */; };
		1B4E3ACF1B1F5134004E5D95 /* ViewController.swift in Sources */ = {isa = PBXBuildFile; fileRef = 1B4E3ACE1B1F5134004E5D95 /* ViewController.swift */; };
		1B4E3AD11B1F51CA004E5D95 /* AVPlayerView.swift in Sources */ = {isa = PBXBuildFile; fileRef = 1B4E3AD01B1F51CA004E5D95 /* AVPlayerView.swift */; };
		1B4E3AD31B1F5219004E5D95 /* SSYoutubeParser.swift in Sources */ = {isa = PBXBuildFile; fileRef = 1B4E3AD21B1F5219004E5D95 /* SSYoutubeParser.swift */; };
		1B4E3AD51B1F52B0004E5D95 /* AVFoundation.framework in Frameworks */ = {isa = PBXBuildFile; fileRef = 1B4E3AD41B1F52B0004E5D95 /* AVFoundation.framework */; };
/* End PBXBuildFile section */

/* Begin PBXContainerItemProxy section */
		1B4E3ABB1B1F4C85004E5D95 /* PBXContainerItemProxy */ = {
			isa = PBXContainerItemProxy;
			containerPortal = 1B4E3A9D1B1F4C85004E5D95 /* Project object */;
			proxyType = 1;
			remoteGlobalIDString = 1B4E3AA41B1F4C85004E5D95;
			remoteInfo = SSYoutubeParser;
		};
/* End PBXContainerItemProxy section */

/* Begin PBXFileReference section */
		1B4E3AA51B1F4C85004E5D95 /* SSYoutubeParser.app */ = {isa = PBXFileReference; explicitFileType = wrapper.application; includeInIndex = 0; path = SSYoutubeParser.app; sourceTree = BUILT_PRODUCTS_DIR; };
		1B4E3AA91B1F4C85004E5D95 /* Info.plist */ = {isa = PBXFileReference; lastKnownFileType = text.plist.xml; path = Info.plist; sourceTree = "<group>"; };
		1B4E3AAA1B1F4C85004E5D95 /* AppDelegate.swift */ = {isa = PBXFileReference; lastKnownFileType = sourcecode.swift; path = AppDelegate.swift; sourceTree = "<group>"; };
		1B4E3AAF1B1F4C85004E5D95 /* Base */ = {isa = PBXFileReference; lastKnownFileType = file.storyboard; name = Base; path = Base.lproj/Main.storyboard; sourceTree = "<group>"; };
		1B4E3AB11B1F4C85004E5D95 /* Images.xcassets */ = {isa = PBXFileReference; lastKnownFileType = folder.assetcatalog; path = Images.xcassets; sourceTree = "<group>"; };
		1B4E3AB41B1F4C85004E5D95 /* Base */ = {isa = PBXFileReference; lastKnownFileType = file.xib; name = Base; path = Base.lproj/LaunchScreen.xib; sourceTree = "<group>"; };
		1B4E3ABA1B1F4C85004E5D95 /* SSYoutubeParserTests.xctest */ = {isa = PBXFileReference; explicitFileType = wrapper.cfbundle; includeInIndex = 0; path = SSYoutubeParserTests.xctest; sourceTree = BUILT_PRODUCTS_DIR; };
		1B4E3ABF1B1F4C85004E5D95 /* Info.plist */ = {isa = PBXFileReference; lastKnownFileType = text.plist.xml; path = Info.plist; sourceTree = "<group>"; };
		1B4E3AC01B1F4C85004E5D95 /* SSYoutubeParserTests.swift */ = {isa = PBXFileReference; lastKnownFileType = sourcecode.swift; path = SSYoutubeParserTests.swift; sourceTree = "<group>"; };
		1B4E3ACE1B1F5134004E5D95 /* ViewController.swift */ = {isa = PBXFileReference; fileEncoding = 4; lastKnownFileType = sourcecode.swift; path = ViewController.swift; sourceTree = "<group>"; };
		1B4E3AD01B1F51CA004E5D95 /* AVPlayerView.swift */ = {isa = PBXFileReference; fileEncoding = 4; lastKnownFileType = sourcecode.swift; path = AVPlayerView.swift; sourceTree = "<group>"; };
		1B4E3AD21B1F5219004E5D95 /* SSYoutubeParser.swift */ = {isa = PBXFileReference; fileEncoding = 4; lastKnownFileType = sourcecode.swift; name = SSYoutubeParser.swift; path = Classes/SSYoutubeParser.swift; sourceTree = "<group>"; };
		1B4E3AD41B1F52B0004E5D95 /* AVFoundation.framework */ = {isa = PBXFileReference; lastKnownFileType = wrapper.framework; name = AVFoundation.framework; path = System/Library/Frameworks/AVFoundation.framework; sourceTree = SDKROOT; };
/* End PBXFileReference section */

/* Begin PBXFrameworksBuildPhase section */
		1B4E3AA21B1F4C85004E5D95 /* Frameworks */ = {
			isa = PBXFrameworksBuildPhase;
			buildActionMask = 2147483647;
			files = (
				1B4E3AD51B1F52B0004E5D95 /* AVFoundation.framework in Frameworks */,
			);
			runOnlyForDeploymentPostprocessing = 0;
		};
		1B4E3AB71B1F4C85004E5D95 /* Frameworks */ = {
			isa = PBXFrameworksBuildPhase;
			buildActionMask = 2147483647;
			files = (
			);
			runOnlyForDeploymentPostprocessing = 0;
		};
/* End PBXFrameworksBuildPhase section */

/* Begin PBXGroup section */
		1B4E3A9C1B1F4C85004E5D95 = {
			isa = PBXGroup;
			children = (
				1B4E3AD41B1F52B0004E5D95 /* AVFoundation.framework */,
				1B4E3AA71B1F4C85004E5D95 /* SSYoutubeParser */,
				1B4E3ABD1B1F4C85004E5D95 /* SSYoutubeParserTests */,
				1B4E3AA61B1F4C85004E5D95 /* Products */,
			);
			sourceTree = "<group>";
		};
		1B4E3AA61B1F4C85004E5D95 /* Products */ = {
			isa = PBXGroup;
			children = (
				1B4E3AA51B1F4C85004E5D95 /* SSYoutubeParser.app */,
				1B4E3ABA1B1F4C85004E5D95 /* SSYoutubeParserTests.xctest */,
			);
			name = Products;
			sourceTree = "<group>";
		};
		1B4E3AA71B1F4C85004E5D95 /* SSYoutubeParser */ = {
			isa = PBXGroup;
			children = (
				1B4E3AD61B1F554A004E5D95 /* Classes */,
				1B4E3AAA1B1F4C85004E5D95 /* AppDelegate.swift */,
				1B4E3ACE1B1F5134004E5D95 /* ViewController.swift */,
				1B4E3AD01B1F51CA004E5D95 /* AVPlayerView.swift */,
				1B4E3AAE1B1F4C85004E5D95 /* Main.storyboard */,
				1B4E3AB11B1F4C85004E5D95 /* Images.xcassets */,
				1B4E3AB31B1F4C85004E5D95 /* LaunchScreen.xib */,
				1B4E3AA81B1F4C85004E5D95 /* Supporting Files */,
			);
			path = SSYoutubeParser;
			sourceTree = "<group>";
		};
		1B4E3AA81B1F4C85004E5D95 /* Supporting Files */ = {
			isa = PBXGroup;
			children = (
				1B4E3AA91B1F4C85004E5D95 /* Info.plist */,
			);
			name = "Supporting Files";
			sourceTree = "<group>";
		};
		1B4E3ABD1B1F4C85004E5D95 /* SSYoutubeParserTests */ = {
			isa = PBXGroup;
			children = (
				1B4E3AC01B1F4C85004E5D95 /* SSYoutubeParserTests.swift */,
				1B4E3ABE1B1F4C85004E5D95 /* Supporting Files */,
			);
			path = SSYoutubeParserTests;
			sourceTree = "<group>";
		};
		1B4E3ABE1B1F4C85004E5D95 /* Supporting Files */ = {
			isa = PBXGroup;
			children = (
				1B4E3ABF1B1F4C85004E5D95 /* Info.plist */,
			);
			name = "Supporting Files";
			sourceTree = "<group>";
		};
		1B4E3AD61B1F554A004E5D95 /* Classes */ = {
			isa = PBXGroup;
			children = (
				1B4E3AD21B1F5219004E5D95 /* SSYoutubeParser.swift */,
			);
			name = Classes;
			sourceTree = "<group>";
		};
/* End PBXGroup section */

/* Begin PBXNativeTarget section */
		1B4E3AA41B1F4C85004E5D95 /* SSYoutubeParser */ = {
			isa = PBXNativeTarget;
			buildConfigurationList = 1B4E3AC41B1F4C85004E5D95 /* Build configuration list for PBXNativeTarget "SSYoutubeParser" */;
			buildPhases = (
				1B4E3AA11B1F4C85004E5D95 /* Sources */,
				1B4E3AA21B1F4C85004E5D95 /* Frameworks */,
				1B4E3AA31B1F4C85004E5D95 /* Resources */,
			);
			buildRules = (
			);
			dependencies = (
			);
			name = SSYoutubeParser;
			productName = SSYoutubeParser;
			productReference = 1B4E3AA51B1F4C85004E5D95 /* SSYoutubeParser.app */;
			productType = "com.apple.product-type.application";
		};
		1B4E3AB91B1F4C85004E5D95 /* SSYoutubeParserTests */ = {
			isa = PBXNativeTarget;
			buildConfigurationList = 1B4E3AC71B1F4C85004E5D95 /* Build configuration list for PBXNativeTarget "SSYoutubeParserTests" */;
			buildPhases = (
				1B4E3AB61B1F4C85004E5D95 /* Sources */,
				1B4E3AB71B1F4C85004E5D95 /* Frameworks */,
				1B4E3AB81B1F4C85004E5D95 /* Resources */,
			);
			buildRules = (
			);
			dependencies = (
				1B4E3ABC1B1F4C85004E5D95 /* PBXTargetDependency */,
			);
			name = SSYoutubeParserTests;
			productName = SSYoutubeParserTests;
			productReference = 1B4E3ABA1B1F4C85004E5D95 /* SSYoutubeParserTests.xctest */;
			productType = "com.apple.product-type.bundle.unit-test";
		};
/* End PBXNativeTarget section */

/* Begin PBXProject section */
		1B4E3A9D1B1F4C85004E5D95 /* Project object */ = {
			isa = PBXProject;
			attributes = {
				LastSwiftMigration = 0700;
				LastSwiftUpdateCheck = 0700;
				LastUpgradeCheck = 0700;
				ORGANIZATIONNAME = leznupar999;
				TargetAttributes = {
					1B4E3AA41B1F4C85004E5D95 = {
						CreatedOnToolsVersion = 6.3.2;
					};
					1B4E3AB91B1F4C85004E5D95 = {
						CreatedOnToolsVersion = 6.3.2;
						TestTargetID = 1B4E3AA41B1F4C85004E5D95;
					};
				};
			};
			buildConfigurationList = 1B4E3AA01B1F4C85004E5D95 /* Build configuration list for PBXProject "SSYoutubeParser" */;
			compatibilityVersion = "Xcode 3.2";
			developmentRegion = English;
			hasScannedForEncodings = 0;
			knownRegions = (
				en,
				Base,
			);
			mainGroup = 1B4E3A9C1B1F4C85004E5D95;
			productRefGroup = 1B4E3AA61B1F4C85004E5D95 /* Products */;
			projectDirPath = "";
			projectRoot = "";
			targets = (
				1B4E3AA41B1F4C85004E5D95 /* SSYoutubeParser */,
				1B4E3AB91B1F4C85004E5D95 /* SSYoutubeParserTests */,
			);
		};
/* End PBXProject section */

/* Begin PBXResourcesBuildPhase section */
		1B4E3AA31B1F4C85004E5D95 /* Resources */ = {
			isa = PBXResourcesBuildPhase;
			buildActionMask = 2147483647;
			files = (
				1B4E3AB01B1F4C85004E5D95 /* Main.storyboard in Resources */,
				1B4E3AB51B1F4C85004E5D95 /* LaunchScreen.xib in Resources */,
				1B4E3AB21B1F4C85004E5D95 /* Images.xcassets in Resources */,
			);
			runOnlyForDeploymentPostprocessing = 0;
		};
		1B4E3AB81B1F4C85004E5D95 /* Resources */ = {
			isa = PBXResourcesBuildPhase;
			buildActionMask = 2147483647;
			files = (
			);
			runOnlyForDeploymentPostprocessing = 0;
		};
/* End PBXResourcesBuildPhase section */

/* Begin PBXSourcesBuildPhase section */
		1B4E3AA11B1F4C85004E5D95 /* Sources */ = {
			isa = PBXSourcesBuildPhase;
			buildActionMask = 2147483647;
			files = (
				1B4E3AD31B1F5219004E5D95 /* SSYoutubeParser.swift in Sources */,
				1B4E3AD11B1F51CA004E5D95 /* AVPlayerView.swift in Sources */,
				1B4E3ACF1B1F5134004E5D95 /* ViewController.swift in Sources */,
				1B4E3AAB1B1F4C85004E5D95 /* AppDelegate.swift in Sources */,
			);
			runOnlyForDeploymentPostprocessing = 0;
		};
		1B4E3AB61B1F4C85004E5D95 /* Sources */ = {
			isa = PBXSourcesBuildPhase;
			buildActionMask = 2147483647;
			files = (
				1B4E3AC11B1F4C85004E5D95 /* SSYoutubeParserTests.swift in Sources */,
			);
			runOnlyForDeploymentPostprocessing = 0;
		};
/* End PBXSourcesBuildPhase section */

/* Begin PBXTargetDependency section */
		1B4E3ABC1B1F4C85004E5D95 /* PBXTargetDependency */ = {
			isa = PBXTargetDependency;
			target = 1B4E3AA41B1F4C85004E5D95 /* SSYoutubeParser */;
			targetProxy = 1B4E3ABB1B1F4C85004E5D95 /* PBXContainerItemProxy */;
		};
/* End PBXTargetDependency section */

/* Begin PBXVariantGroup section */
		1B4E3AAE1B1F4C85004E5D95 /* Main.storyboard */ = {
			isa = PBXVariantGroup;
			children = (
				1B4E3AAF1B1F4C85004E5D95 /* Base */,
			);
			name = Main.storyboard;
			sourceTree = "<group>";
		};
		1B4E3AB31B1F4C85004E5D95 /* LaunchScreen.xib */ = {
			isa = PBXVariantGroup;
			children = (
				1B4E3AB41B1F4C85004E5D95 /* Base */,
			);
			name = LaunchScreen.xib;
			sourceTree = "<group>";
		};
/* End PBXVariantGroup section */

/* Begin XCBuildConfiguration section */
		1B4E3AC21B1F4C85004E5D95 /* Debug */ = {
			isa = XCBuildConfiguration;
			buildSettings = {
				ALWAYS_SEARCH_USER_PATHS = NO;
				CLANG_CXX_LANGUAGE_STANDARD = "gnu++0x";
				CLANG_CXX_LIBRARY = "libc++";
				CLANG_ENABLE_MODULES = YES;
				CLANG_ENABLE_OBJC_ARC = YES;
				CLANG_WARN_BOOL_CONVERSION = YES;
				CLANG_WARN_CONSTANT_CONVERSION = YES;
				CLANG_WARN_DIRECT_OBJC_ISA_USAGE = YES_ERROR;
				CLANG_WARN_EMPTY_BODY = YES;
				CLANG_WARN_ENUM_CONVERSION = YES;
				CLANG_WARN_INT_CONVERSION = YES;
				CLANG_WARN_OBJC_ROOT_CLASS = YES_ERROR;
				CLANG_WARN_UNREACHABLE_CODE = YES;
				CLANG_WARN__DUPLICATE_METHOD_MATCH = YES;
				"CODE_SIGN_IDENTITY[sdk=iphoneos*]" = "iPhone Developer";
				COPY_PHASE_STRIP = NO;
				DEBUG_INFORMATION_FORMAT = "dwarf-with-dsym";
				ENABLE_STRICT_OBJC_MSGSEND = YES;
				ENABLE_TESTABILITY = YES;
				GCC_C_LANGUAGE_STANDARD = gnu99;
				GCC_DYNAMIC_NO_PIC = NO;
				GCC_NO_COMMON_BLOCKS = YES;
				GCC_OPTIMIZATION_LEVEL = 0;
				GCC_PREPROCESSOR_DEFINITIONS = (
					"DEBUG=1",
					"$(inherited)",
				);
				GCC_SYMBOLS_PRIVATE_EXTERN = NO;
				GCC_WARN_64_TO_32_BIT_CONVERSION = YES;
				GCC_WARN_ABOUT_RETURN_TYPE = YES_ERROR;
				GCC_WARN_UNDECLARED_SELECTOR = YES;
				GCC_WARN_UNINITIALIZED_AUTOS = YES_AGGRESSIVE;
				GCC_WARN_UNUSED_FUNCTION = YES;
				GCC_WARN_UNUSED_VARIABLE = YES;
				IPHONEOS_DEPLOYMENT_TARGET = 8.3;
				MTL_ENABLE_DEBUG_INFO = YES;
				ONLY_ACTIVE_ARCH = YES;
				SDKROOT = iphoneos;
				SWIFT_OPTIMIZATION_LEVEL = "-Onone";
			};
			name = Debug;
		};
		1B4E3AC31B1F4C85004E5D95 /* Release */ = {
			isa = XCBuildConfiguration;
			buildSettings = {
				ALWAYS_SEARCH_USER_PATHS = NO;
				CLANG_CXX_LANGUAGE_STANDARD = "gnu++0x";
				CLANG_CXX_LIBRARY = "libc++";
				CLANG_ENABLE_MODULES = YES;
				CLANG_ENABLE_OBJC_ARC = YES;
				CLANG_WARN_BOOL_CONVERSION = YES;
				CLANG_WARN_CONSTANT_CONVERSION = YES;
				CLANG_WARN_DIRECT_OBJC_ISA_USAGE = YES_ERROR;
				CLANG_WARN_EMPTY_BODY = YES;
				CLANG_WARN_ENUM_CONVERSION = YES;
				CLANG_WARN_INT_CONVERSION = YES;
				CLANG_WARN_OBJC_ROOT_CLASS = YES_ERROR;
				CLANG_WARN_UNREACHABLE_CODE = YES;
				CLANG_WARN__DUPLICATE_METHOD_MATCH = YES;
				"CODE_SIGN_IDENTITY[sdk=iphoneos*]" = "iPhone Developer";
				COPY_PHASE_STRIP = NO;
				DEBUG_INFORMATION_FORMAT = "dwarf-with-dsym";
				ENABLE_NS_ASSERTIONS = NO;
				ENABLE_STRICT_OBJC_MSGSEND = YES;
				GCC_C_LANGUAGE_STANDARD = gnu99;
				GCC_NO_COMMON_BLOCKS = YES;
				GCC_WARN_64_TO_32_BIT_CONVERSION = YES;
				GCC_WARN_ABOUT_RETURN_TYPE = YES_ERROR;
				GCC_WARN_UNDECLARED_SELECTOR = YES;
				GCC_WARN_UNINITIALIZED_AUTOS = YES_AGGRESSIVE;
				GCC_WARN_UNUSED_FUNCTION = YES;
				GCC_WARN_UNUSED_VARIABLE = YES;
				IPHONEOS_DEPLOYMENT_TARGET = 8.3;
				MTL_ENABLE_DEBUG_INFO = NO;
				SDKROOT = iphoneos;
				VALIDATE_PRODUCT = YES;
			};
			name = Release;
		};
		1B4E3AC51B1F4C85004E5D95 /* Debug */ = {
			isa = XCBuildConfiguration;
			buildSettings = {
				ASSETCATALOG_COMPILER_APPICON_NAME = AppIcon;
				CODE_SIGN_IDENTITY = "iPhone Developer";
				INFOPLIST_FILE = SSYoutubeParser/Info.plist;
				LD_RUNPATH_SEARCH_PATHS = "$(inherited) @executable_path/Frameworks";
				PRODUCT_BUNDLE_IDENTIFIER = "SS.$(PRODUCT_NAME:rfc1034identifier)";
				PRODUCT_NAME = "$(TARGET_NAME)";
			};
			name = Debug;
		};
		1B4E3AC61B1F4C85004E5D95 /* Release */ = {
			isa = XCBuildConfiguration;
			buildSettings = {
				ASSETCATALOG_COMPILER_APPICON_NAME = AppIcon;
				CODE_SIGN_IDENTITY = "iPhone Developer";
				INFOPLIST_FILE = SSYoutubeParser/Info.plist;
				LD_RUNPATH_SEARCH_PATHS = "$(inherited) @executable_path/Frameworks";
				PRODUCT_BUNDLE_IDENTIFIER = "SS.$(PRODUCT_NAME:rfc1034identifier)";
				PRODUCT_NAME = "$(TARGET_NAME)";
			};
			name = Release;
		};
		1B4E3AC81B1F4C85004E5D95 /* Debug */ = {
			isa = XCBuildConfiguration;
			buildSettings = {
				BUNDLE_LOADER = "$(TEST_HOST)";
				FRAMEWORK_SEARCH_PATHS = (
					"$(SDKROOT)/Developer/Library/Frameworks",
					"$(inherited)",
				);
				GCC_PREPROCESSOR_DEFINITIONS = (
					"DEBUG=1",
					"$(inherited)",
				);
				INFOPLIST_FILE = SSYoutubeParserTests/Info.plist;
				LD_RUNPATH_SEARCH_PATHS = "$(inherited) @executable_path/Frameworks @loader_path/Frameworks";
				PRODUCT_BUNDLE_IDENTIFIER = "SS.$(PRODUCT_NAME:rfc1034identifier)";
				PRODUCT_NAME = "$(TARGET_NAME)";
				TEST_HOST = "$(BUILT_PRODUCTS_DIR)/SSYoutubeParser.app/SSYoutubeParser";
			};
			name = Debug;
		};
		1B4E3AC91B1F4C85004E5D95 /* Release */ = {
			isa = XCBuildConfiguration;
			buildSettings = {
				BUNDLE_LOADER = "$(TEST_HOST)";
				FRAMEWORK_SEARCH_PATHS = (
					"$(SDKROOT)/Developer/Library/Frameworks",
					"$(inherited)",
				);
				INFOPLIST_FILE = SSYoutubeParserTests/Info.plist;
				LD_RUNPATH_SEARCH_PATHS = "$(inherited) @executable_path/Frameworks @loader_path/Frameworks";
				PRODUCT_BUNDLE_IDENTIFIER = "SS.$(PRODUCT_NAME:rfc1034identifier)";
				PRODUCT_NAME = "$(TARGET_NAME)";
				TEST_HOST = "$(BUILT_PRODUCTS_DIR)/SSYoutubeParser.app/SSYoutubeParser";
			};
			name = Release;
		};
/* End XCBuildConfiguration section */

/* Begin XCConfigurationList section */
		1B4E3AA01B1F4C85004E5D95 /* Build configuration list for PBXProject "SSYoutubeParser" */ = {
			isa = XCConfigurationList;
			buildConfigurations = (
				1B4E3AC21B1F4C85004E5D95 /* Debug */,
				1B4E3AC31B1F4C85004E5D95 /* Release */,
			);
			defaultConfigurationIsVisible = 0;
			defaultConfigurationName = Release;
		};
		1B4E3AC41B1F4C85004E5D95 /* Build configuration list for PBXNativeTarget "SSYoutubeParser" */ = {
			isa = XCConfigurationList;
			buildConfigurations = (
				1B4E3AC51B1F4C85004E5D95 /* Debug */,
				1B4E3AC61B1F4C85004E5D95 /* Release */,
			);
			defaultConfigurationIsVisible = 0;
			defaultConfigurationName = Release;
		};
		1B4E3AC71B1F4C85004E5D95 /* Build configuration list for PBXNativeTarget "SSYoutubeParserTests" */ = {
			isa = XCConfigurationList;
			buildConfigurations = (
				1B4E3AC81B1F4C85004E5D95 /* Debug */,
				1B4E3AC91B1F4C85004E5D95 /* Release */,
			);
			defaultConfigurationIsVisible = 0;
			defaultConfigurationName = Release;
		};
/* End XCConfigurationList section */
	};
	rootObject = 1B4E3A9D1B1F4C85004E5D95 /* Project object */;
}
